
Microsoft Visual Studio Solution File, Format Version 12.00
# Visual Studio Version 17
VisualStudioVersion = 17.9.34622.214
MinimumVisualStudioVersion = 10.0.40219.1
Project("{FAE04EC0-301F-11D3-BF4B-00C04F79EFBC}") = "HomeWork1", "HomeWork1\HomeWork1.csproj", "{C8A9A055-F827-4AB1-A0B3-031CCBD2D24B}"
EndProject
Global
	GlobalSection(SolutionConfigurationPlatforms) = preSolution
		Debug|Any CPU = Debug|Any CPU
		Release|Any CPU = Release|Any CPU
	EndGlobalSection
	GlobalSection(ProjectConfigurationPlatforms) = postSolution
		{C8A9A055-F827-4AB1-A0B3-031CCBD2D24B}.Debug|Any CPU.ActiveCfg = Debug|Any CPU
		{C8A9A055-F827-4AB1-A0B3-031CCBD2D24B}.Debug|Any CPU.Build.0 = Debug|Any CPU
		{C8A9A055-F827-4AB1-A0B3-031CCBD2D24B}.Release|Any CPU.ActiveCfg = Release|Any CPU
		{C8A9A055-F827-4AB1-A0B3-031CCBD2D24B}.Release|Any CPU.Build.0 = Release|Any CPU
	EndGlobalSection
	GlobalSection(SolutionProperties) = preSolution
		HideSolutionNode = FALSE
	EndGlobalSection
	GlobalSection(ExtensibilityGlobals) = postSolution
		SolutionGuid = {D45A23F1-FEAC-4FB3-9487-A3C7D30AD93F}
	EndGlobalSection
EndGlobal
