
Microsoft Visual Studio Solution File, Format Version 12.00
# Visual Studio Version 17
VisualStudioVersion = 17.9.34622.214
MinimumVisualStudioVersion = 10.0.40219.1
Project("{FAE04EC0-301F-11D3-BF4B-00C04F79EFBC}") = "Zharskyi Nazar Homework 5", "Zharskyi Nazar Homework 5\Zharskyi Nazar Homework 5.csproj", "{AEF66A90-27AD-430A-8212-7BC46AE3D0EF}"
EndProject
Global
	GlobalSection(SolutionConfigurationPlatforms) = preSolution
		Debug|Any CPU = Debug|Any CPU
		Release|Any CPU = Release|Any CPU
	EndGlobalSection
	GlobalSection(ProjectConfigurationPlatforms) = postSolution
		{AEF66A90-27AD-430A-8212-7BC46AE3D0EF}.Debug|Any CPU.ActiveCfg = Debug|Any CPU
		{AEF66A90-27AD-430A-8212-7BC46AE3D0EF}.Debug|Any CPU.Build.0 = Debug|Any CPU
		{AEF66A90-27AD-430A-8212-7BC46AE3D0EF}.Release|Any CPU.ActiveCfg = Release|Any CPU
		{AEF66A90-27AD-430A-8212-7BC46AE3D0EF}.Release|Any CPU.Build.0 = Release|Any CPU
	EndGlobalSection
	GlobalSection(SolutionProperties) = preSolution
		HideSolutionNode = FALSE
	EndGlobalSection
	GlobalSection(ExtensibilityGlobals) = postSolution
		SolutionGuid = {E0F1C4A2-0A0D-4B2B-A4E7-B0D859166822}
	EndGlobalSection
EndGlobal
