
Microsoft Visual Studio Solution File, Format Version 12.00
# Visual Studio Version 17
VisualStudioVersion = 17.9.34728.123
MinimumVisualStudioVersion = 10.0.40219.1
Project("{9A19103F-16F7-4668-BE54-9A1E7A4F7556}") = "Pole Chudes", "Pole Chudes.csproj", "{EFB55081-58AC-4746-958D-DBD2E5CD0135}"
EndProject
Global
	GlobalSection(SolutionConfigurationPlatforms) = preSolution
		Debug|Any CPU = Debug|Any CPU
		Release|Any CPU = Release|Any CPU
	EndGlobalSection
	GlobalSection(ProjectConfigurationPlatforms) = postSolution
		{EFB55081-58AC-4746-958D-DBD2E5CD0135}.Debug|Any CPU.ActiveCfg = Debug|Any CPU
		{EFB55081-58AC-4746-958D-DBD2E5CD0135}.Debug|Any CPU.Build.0 = Debug|Any CPU
		{EFB55081-58AC-4746-958D-DBD2E5CD0135}.Release|Any CPU.ActiveCfg = Release|Any CPU
		{EFB55081-58AC-4746-958D-DBD2E5CD0135}.Release|Any CPU.Build.0 = Release|Any CPU
	EndGlobalSection
	GlobalSection(SolutionProperties) = preSolution
		HideSolutionNode = FALSE
	EndGlobalSection
	GlobalSection(ExtensibilityGlobals) = postSolution
		SolutionGuid = {9D3FF7E1-6356-45C3-8097-209305C6A58F}
	EndGlobalSection
EndGlobal
