
Microsoft Visual Studio Solution File, Format Version 12.00
# Visual Studio Version 17
VisualStudioVersion = 17.8.34330.188
MinimumVisualStudioVersion = 10.0.40219.1
Project("{FAE04EC0-301F-11D3-BF4B-00C04F79EFBC}") = "foth_dz", "foth_dz\foth_dz.csproj", "{E02FE333-CF67-42AE-9DA2-287A917B3071}"
EndProject
Global
	GlobalSection(SolutionConfigurationPlatforms) = preSolution
		Debug|Any CPU = Debug|Any CPU
		Release|Any CPU = Release|Any CPU
	EndGlobalSection
	GlobalSection(ProjectConfigurationPlatforms) = postSolution
		{E02FE333-CF67-42AE-9DA2-287A917B3071}.Debug|Any CPU.ActiveCfg = Debug|Any CPU
		{E02FE333-CF67-42AE-9DA2-287A917B3071}.Debug|Any CPU.Build.0 = Debug|Any CPU
		{E02FE333-CF67-42AE-9DA2-287A917B3071}.Release|Any CPU.ActiveCfg = Release|Any CPU
		{E02FE333-CF67-42AE-9DA2-287A917B3071}.Release|Any CPU.Build.0 = Release|Any CPU
	EndGlobalSection
	GlobalSection(SolutionProperties) = preSolution
		HideSolutionNode = FALSE
	EndGlobalSection
	GlobalSection(ExtensibilityGlobals) = postSolution
		SolutionGuid = {6688EFB8-7E9A-4836-8AF7-C6332A95B5EB}
	EndGlobalSection
EndGlobal
