
Microsoft Visual Studio Solution File, Format Version 12.00
# Visual Studio Version 17
VisualStudioVersion = 17.9.34616.47
MinimumVisualStudioVersion = 10.0.40219.1
Project("{FAE04EC0-301F-11D3-BF4B-00C04F79EFBC}") = "HomeWork", "HomeWork.csproj", "{5248DB54-E84F-4781-9F6F-2F1650E66FA9}"
EndProject
Global
	GlobalSection(SolutionConfigurationPlatforms) = preSolution
		Debug|Any CPU = Debug|Any CPU
		Release|Any CPU = Release|Any CPU
	EndGlobalSection
	GlobalSection(ProjectConfigurationPlatforms) = postSolution
		{5248DB54-E84F-4781-9F6F-2F1650E66FA9}.Debug|Any CPU.ActiveCfg = Debug|Any CPU
		{5248DB54-E84F-4781-9F6F-2F1650E66FA9}.Debug|Any CPU.Build.0 = Debug|Any CPU
		{5248DB54-E84F-4781-9F6F-2F1650E66FA9}.Release|Any CPU.ActiveCfg = Release|Any CPU
		{5248DB54-E84F-4781-9F6F-2F1650E66FA9}.Release|Any CPU.Build.0 = Release|Any CPU
	EndGlobalSection
	GlobalSection(SolutionProperties) = preSolution
		HideSolutionNode = FALSE
	EndGlobalSection
	GlobalSection(ExtensibilityGlobals) = postSolution
		SolutionGuid = {C9CD5719-CCC0-4FFE-93D3-14C87D5F24A6}
	EndGlobalSection
EndGlobal
