
Microsoft Visual Studio Solution File, Format Version 12.00
# Visual Studio Version 17
VisualStudioVersion = 17.9.34622.214
MinimumVisualStudioVersion = 10.0.40219.1
Project("{FAE04EC0-301F-11D3-BF4B-00C04F79EFBC}") = "HomeWork2", "HomeWork2\HomeWork2.csproj", "{A2AD2C20-8922-404E-9FAD-673A4A691760}"
EndProject
Global
	GlobalSection(SolutionConfigurationPlatforms) = preSolution
		Debug|Any CPU = Debug|Any CPU
		Release|Any CPU = Release|Any CPU
	EndGlobalSection
	GlobalSection(ProjectConfigurationPlatforms) = postSolution
		{A2AD2C20-8922-404E-9FAD-673A4A691760}.Debug|Any CPU.ActiveCfg = Debug|Any CPU
		{A2AD2C20-8922-404E-9FAD-673A4A691760}.Debug|Any CPU.Build.0 = Debug|Any CPU
		{A2AD2C20-8922-404E-9FAD-673A4A691760}.Release|Any CPU.ActiveCfg = Release|Any CPU
		{A2AD2C20-8922-404E-9FAD-673A4A691760}.Release|Any CPU.Build.0 = Release|Any CPU
	EndGlobalSection
	GlobalSection(SolutionProperties) = preSolution
		HideSolutionNode = FALSE
	EndGlobalSection
	GlobalSection(ExtensibilityGlobals) = postSolution
		SolutionGuid = {F75C0966-C25F-4F94-8CAE-1A9F5D123DF0}
	EndGlobalSection
EndGlobal
