
Microsoft Visual Studio Solution File, Format Version 12.00
# Visual Studio Version 17
VisualStudioVersion = 17.8.34330.188
MinimumVisualStudioVersion = 10.0.40219.1
Project("{FAE04EC0-301F-11D3-BF4B-00C04F79EFBC}") = "sixth_dz_second_part", "sixth_dz_second_part\sixth_dz_second_part.csproj", "{C9FBAEF1-FEC1-4955-BC3E-D0FDAAE71D2B}"
EndProject
Global
	GlobalSection(SolutionConfigurationPlatforms) = preSolution
		Debug|Any CPU = Debug|Any CPU
		Release|Any CPU = Release|Any CPU
	EndGlobalSection
	GlobalSection(ProjectConfigurationPlatforms) = postSolution
		{C9FBAEF1-FEC1-4955-BC3E-D0FDAAE71D2B}.Debug|Any CPU.ActiveCfg = Debug|Any CPU
		{C9FBAEF1-FEC1-4955-BC3E-D0FDAAE71D2B}.Debug|Any CPU.Build.0 = Debug|Any CPU
		{C9FBAEF1-FEC1-4955-BC3E-D0FDAAE71D2B}.Release|Any CPU.ActiveCfg = Release|Any CPU
		{C9FBAEF1-FEC1-4955-BC3E-D0FDAAE71D2B}.Release|Any CPU.Build.0 = Release|Any CPU
	EndGlobalSection
	GlobalSection(SolutionProperties) = preSolution
		HideSolutionNode = FALSE
	EndGlobalSection
	GlobalSection(ExtensibilityGlobals) = postSolution
		SolutionGuid = {02E8B57D-AA16-41FB-8822-C4D02ED7B35B}
	EndGlobalSection
EndGlobal
