
Microsoft Visual Studio Solution File, Format Version 12.00
# Visual Studio Version 17
VisualStudioVersion = 17.9.34616.47
MinimumVisualStudioVersion = 10.0.40219.1
Project("{FAE04EC0-301F-11D3-BF4B-00C04F79EFBC}") = "HoweWork2", "HoweWork2.csproj", "{C6D4118C-7D44-4CBD-B4F6-196C09EB7E36}"
EndProject
Global
	GlobalSection(SolutionConfigurationPlatforms) = preSolution
		Debug|Any CPU = Debug|Any CPU
		Release|Any CPU = Release|Any CPU
	EndGlobalSection
	GlobalSection(ProjectConfigurationPlatforms) = postSolution
		{C6D4118C-7D44-4CBD-B4F6-196C09EB7E36}.Debug|Any CPU.ActiveCfg = Debug|Any CPU
		{C6D4118C-7D44-4CBD-B4F6-196C09EB7E36}.Debug|Any CPU.Build.0 = Debug|Any CPU
		{C6D4118C-7D44-4CBD-B4F6-196C09EB7E36}.Release|Any CPU.ActiveCfg = Release|Any CPU
		{C6D4118C-7D44-4CBD-B4F6-196C09EB7E36}.Release|Any CPU.Build.0 = Release|Any CPU
	EndGlobalSection
	GlobalSection(SolutionProperties) = preSolution
		HideSolutionNode = FALSE
	EndGlobalSection
	GlobalSection(ExtensibilityGlobals) = postSolution
		SolutionGuid = {7A20BFA7-7B56-4515-BFCA-362207D140DB}
	EndGlobalSection
EndGlobal
