
Microsoft Visual Studio Solution File, Format Version 12.00
# Visual Studio Version 17
VisualStudioVersion = 17.9.34622.214
MinimumVisualStudioVersion = 10.0.40219.1
Project("{FAE04EC0-301F-11D3-BF4B-00C04F79EFBC}") = "дз2", "дз2\дз2.csproj", "{61E90140-F065-4877-A13F-1CC2632D6166}"
EndProject
Global
	GlobalSection(SolutionConfigurationPlatforms) = preSolution
		Debug|Any CPU = Debug|Any CPU
		Release|Any CPU = Release|Any CPU
	EndGlobalSection
	GlobalSection(ProjectConfigurationPlatforms) = postSolution
		{61E90140-F065-4877-A13F-1CC2632D6166}.Debug|Any CPU.ActiveCfg = Debug|Any CPU
		{61E90140-F065-4877-A13F-1CC2632D6166}.Debug|Any CPU.Build.0 = Debug|Any CPU
		{61E90140-F065-4877-A13F-1CC2632D6166}.Release|Any CPU.ActiveCfg = Release|Any CPU
		{61E90140-F065-4877-A13F-1CC2632D6166}.Release|Any CPU.Build.0 = Release|Any CPU
	EndGlobalSection
	GlobalSection(SolutionProperties) = preSolution
		HideSolutionNode = FALSE
	EndGlobalSection
	GlobalSection(ExtensibilityGlobals) = postSolution
		SolutionGuid = {03260DA9-E5C1-4F6D-A962-FA40062042F2}
	EndGlobalSection
EndGlobal
