
Microsoft Visual Studio Solution File, Format Version 12.00
# Visual Studio Version 17
VisualStudioVersion = 17.8.34330.188
MinimumVisualStudioVersion = 10.0.40219.1
Project("{FAE04EC0-301F-11D3-BF4B-00C04F79EFBC}") = "fifth_dz", "fifth_dz\fifth_dz.csproj", "{D21CFC98-4184-4E71-B987-320492B401E6}"
EndProject
Global
	GlobalSection(SolutionConfigurationPlatforms) = preSolution
		Debug|Any CPU = Debug|Any CPU
		Release|Any CPU = Release|Any CPU
	EndGlobalSection
	GlobalSection(ProjectConfigurationPlatforms) = postSolution
		{D21CFC98-4184-4E71-B987-320492B401E6}.Debug|Any CPU.ActiveCfg = Debug|Any CPU
		{D21CFC98-4184-4E71-B987-320492B401E6}.Debug|Any CPU.Build.0 = Debug|Any CPU
		{D21CFC98-4184-4E71-B987-320492B401E6}.Release|Any CPU.ActiveCfg = Release|Any CPU
		{D21CFC98-4184-4E71-B987-320492B401E6}.Release|Any CPU.Build.0 = Release|Any CPU
	EndGlobalSection
	GlobalSection(SolutionProperties) = preSolution
		HideSolutionNode = FALSE
	EndGlobalSection
	GlobalSection(ExtensibilityGlobals) = postSolution
		SolutionGuid = {87A7216E-B33C-4C72-B775-B36E8B652F8B}
	EndGlobalSection
EndGlobal
