
Microsoft Visual Studio Solution File, Format Version 12.00
# Visual Studio Version 17
VisualStudioVersion = 17.9.34622.214
MinimumVisualStudioVersion = 10.0.40219.1
Project("{FAE04EC0-301F-11D3-BF4B-00C04F79EFBC}") = "HomeWork6", "HomeWork6\HomeWork6.csproj", "{A524F9A5-845C-4B8D-9F2A-50E62B2A3913}"
EndProject
Global
	GlobalSection(SolutionConfigurationPlatforms) = preSolution
		Debug|Any CPU = Debug|Any CPU
		Release|Any CPU = Release|Any CPU
	EndGlobalSection
	GlobalSection(ProjectConfigurationPlatforms) = postSolution
		{A524F9A5-845C-4B8D-9F2A-50E62B2A3913}.Debug|Any CPU.ActiveCfg = Debug|Any CPU
		{A524F9A5-845C-4B8D-9F2A-50E62B2A3913}.Debug|Any CPU.Build.0 = Debug|Any CPU
		{A524F9A5-845C-4B8D-9F2A-50E62B2A3913}.Release|Any CPU.ActiveCfg = Release|Any CPU
		{A524F9A5-845C-4B8D-9F2A-50E62B2A3913}.Release|Any CPU.Build.0 = Release|Any CPU
	EndGlobalSection
	GlobalSection(SolutionProperties) = preSolution
		HideSolutionNode = FALSE
	EndGlobalSection
	GlobalSection(ExtensibilityGlobals) = postSolution
		SolutionGuid = {AB89CE17-20B9-444C-A745-7691E1C7D56D}
	EndGlobalSection
EndGlobal
