
Microsoft Visual Studio Solution File, Format Version 12.00
# Visual Studio Version 17
VisualStudioVersion = 17.9.34622.214
MinimumVisualStudioVersion = 10.0.40219.1
Project("{FAE04EC0-301F-11D3-BF4B-00C04F79EFBC}") = "HomeWork7", "HomeWork7\HomeWork7.csproj", "{18126856-1276-4E07-9FFF-8661C59A619D}"
EndProject
Global
	GlobalSection(SolutionConfigurationPlatforms) = preSolution
		Debug|Any CPU = Debug|Any CPU
		Release|Any CPU = Release|Any CPU
	EndGlobalSection
	GlobalSection(ProjectConfigurationPlatforms) = postSolution
		{18126856-1276-4E07-9FFF-8661C59A619D}.Debug|Any CPU.ActiveCfg = Debug|Any CPU
		{18126856-1276-4E07-9FFF-8661C59A619D}.Debug|Any CPU.Build.0 = Debug|Any CPU
		{18126856-1276-4E07-9FFF-8661C59A619D}.Release|Any CPU.ActiveCfg = Release|Any CPU
		{18126856-1276-4E07-9FFF-8661C59A619D}.Release|Any CPU.Build.0 = Release|Any CPU
	EndGlobalSection
	GlobalSection(SolutionProperties) = preSolution
		HideSolutionNode = FALSE
	EndGlobalSection
	GlobalSection(ExtensibilityGlobals) = postSolution
		SolutionGuid = {209E3BCA-57A9-44FE-9FE5-1DECA84C08D4}
	EndGlobalSection
EndGlobal
