
Microsoft Visual Studio Solution File, Format Version 12.00
# Visual Studio Version 17
VisualStudioVersion = 17.7.34024.191
MinimumVisualStudioVersion = 10.0.40219.1
Project("{FAE04EC0-301F-11D3-BF4B-00C04F79EFBC}") = "Homework1", "Homework1\Homework1.csproj", "{0B9BCFD5-6E03-4BC0-ACEF-F2908561E08F}"
EndProject
Global
	GlobalSection(SolutionConfigurationPlatforms) = preSolution
		Debug|Any CPU = Debug|Any CPU
		Release|Any CPU = Release|Any CPU
	EndGlobalSection
	GlobalSection(ProjectConfigurationPlatforms) = postSolution
		{0B9BCFD5-6E03-4BC0-ACEF-F2908561E08F}.Debug|Any CPU.ActiveCfg = Debug|Any CPU
		{0B9BCFD5-6E03-4BC0-ACEF-F2908561E08F}.Debug|Any CPU.Build.0 = Debug|Any CPU
		{0B9BCFD5-6E03-4BC0-ACEF-F2908561E08F}.Release|Any CPU.ActiveCfg = Release|Any CPU
		{0B9BCFD5-6E03-4BC0-ACEF-F2908561E08F}.Release|Any CPU.Build.0 = Release|Any CPU
	EndGlobalSection
	GlobalSection(SolutionProperties) = preSolution
		HideSolutionNode = FALSE
	EndGlobalSection
	GlobalSection(ExtensibilityGlobals) = postSolution
		SolutionGuid = {63C2A419-9DC1-418C-AED6-8E40A471D222}
	EndGlobalSection
EndGlobal
