
Microsoft Visual Studio Solution File, Format Version 12.00
# Visual Studio Version 17
VisualStudioVersion = 17.9.34616.47
MinimumVisualStudioVersion = 10.0.40219.1
Project("{FAE04EC0-301F-11D3-BF4B-00C04F79EFBC}") = "HomeWork3", "HomeWork3.csproj", "{3B02C1A8-13B6-4577-BAA1-5D47FB94A97A}"
EndProject
Global
	GlobalSection(SolutionConfigurationPlatforms) = preSolution
		Debug|Any CPU = Debug|Any CPU
		Release|Any CPU = Release|Any CPU
	EndGlobalSection
	GlobalSection(ProjectConfigurationPlatforms) = postSolution
		{3B02C1A8-13B6-4577-BAA1-5D47FB94A97A}.Debug|Any CPU.ActiveCfg = Debug|Any CPU
		{3B02C1A8-13B6-4577-BAA1-5D47FB94A97A}.Debug|Any CPU.Build.0 = Debug|Any CPU
		{3B02C1A8-13B6-4577-BAA1-5D47FB94A97A}.Release|Any CPU.ActiveCfg = Release|Any CPU
		{3B02C1A8-13B6-4577-BAA1-5D47FB94A97A}.Release|Any CPU.Build.0 = Release|Any CPU
	EndGlobalSection
	GlobalSection(SolutionProperties) = preSolution
		HideSolutionNode = FALSE
	EndGlobalSection
	GlobalSection(ExtensibilityGlobals) = postSolution
		SolutionGuid = {CDDF3335-2864-43BD-8B57-A74B5E95CCCF}
	EndGlobalSection
EndGlobal
