
Microsoft Visual Studio Solution File, Format Version 12.00
# Visual Studio Version 17
VisualStudioVersion = 17.9.34622.214
MinimumVisualStudioVersion = 10.0.40219.1
Project("{FAE04EC0-301F-11D3-BF4B-00C04F79EFBC}") = "HomeWork_6", "HomeWork_6\HomeWork_6.csproj", "{7E745E72-54E2-45EF-BF58-8E74CEA666DF}"
EndProject
Global
	GlobalSection(SolutionConfigurationPlatforms) = preSolution
		Debug|Any CPU = Debug|Any CPU
		Release|Any CPU = Release|Any CPU
	EndGlobalSection
	GlobalSection(ProjectConfigurationPlatforms) = postSolution
		{7E745E72-54E2-45EF-BF58-8E74CEA666DF}.Debug|Any CPU.ActiveCfg = Debug|Any CPU
		{7E745E72-54E2-45EF-BF58-8E74CEA666DF}.Debug|Any CPU.Build.0 = Debug|Any CPU
		{7E745E72-54E2-45EF-BF58-8E74CEA666DF}.Release|Any CPU.ActiveCfg = Release|Any CPU
		{7E745E72-54E2-45EF-BF58-8E74CEA666DF}.Release|Any CPU.Build.0 = Release|Any CPU
	EndGlobalSection
	GlobalSection(SolutionProperties) = preSolution
		HideSolutionNode = FALSE
	EndGlobalSection
	GlobalSection(ExtensibilityGlobals) = postSolution
		SolutionGuid = {7ED6F50E-B00B-44CB-BED2-5F5C6FE06F2F}
	EndGlobalSection
EndGlobal
